
Microsoft Visual Studio Solution File, Format Version 12.00
# Visual Studio Version 17
VisualStudioVersion = 17.9.34616.47
MinimumVisualStudioVersion = 10.0.40219.1
Project("{FAE04EC0-301F-11D3-BF4B-00C04F79EFBC}") = "Task1", "Task1\Task1.csproj", "{71AD46A5-8C96-4A58-A967-3E2C6B1158CE}"
EndProject
Project("{FAE04EC0-301F-11D3-BF4B-00C04F79EFBC}") = "Task2", "Task2\Task2.csproj", "{691ED125-BD2F-4074-80B7-6CA0A8F168B3}"
EndProject
Global
	GlobalSection(SolutionConfigurationPlatforms) = preSolution
		Debug|Any CPU = Debug|Any CPU
		Release|Any CPU = Release|Any CPU
	EndGlobalSection
	GlobalSection(ProjectConfigurationPlatforms) = postSolution
		{71AD46A5-8C96-4A58-A967-3E2C6B1158CE}.Debug|Any CPU.ActiveCfg = Debug|Any CPU
		{71AD46A5-8C96-4A58-A967-3E2C6B1158CE}.Debug|Any CPU.Build.0 = Debug|Any CPU
		{71AD46A5-8C96-4A58-A967-3E2C6B1158CE}.Release|Any CPU.ActiveCfg = Release|Any CPU
		{71AD46A5-8C96-4A58-A967-3E2C6B1158CE}.Release|Any CPU.Build.0 = Release|Any CPU
		{691ED125-BD2F-4074-80B7-6CA0A8F168B3}.Debug|Any CPU.ActiveCfg = Debug|Any CPU
		{691ED125-BD2F-4074-80B7-6CA0A8F168B3}.Debug|Any CPU.Build.0 = Debug|Any CPU
		{691ED125-BD2F-4074-80B7-6CA0A8F168B3}.Release|Any CPU.ActiveCfg = Release|Any CPU
		{691ED125-BD2F-4074-80B7-6CA0A8F168B3}.Release|Any CPU.Build.0 = Release|Any CPU
	EndGlobalSection
	GlobalSection(SolutionProperties) = preSolution
		HideSolutionNode = FALSE
	EndGlobalSection
	GlobalSection(ExtensibilityGlobals) = postSolution
		SolutionGuid = {154FE7BA-0319-4852-AF2E-11E7EEE0A67B}
	EndGlobalSection
EndGlobal
